
Microsoft Visual Studio Solution File, Format Version 12.00
# Visual Studio Version 17
VisualStudioVersion = 17.0.32112.339
MinimumVisualStudioVersion = 10.0.40219.1
Project("{FAE04EC0-301F-11D3-BF4B-00C04F79EFBC}") = "ProducerApp", "ProducerApp\ProducerApp.csproj", "{3AC3AD18-061A-4FEB-96F8-9A4B1E2DFA8F}"
EndProject
Project("{FAE04EC0-301F-11D3-BF4B-00C04F79EFBC}") = "ConsumerClient1", "ConsumerClient1\ConsumerClient1.csproj", "{AB2FD095-A042-4DE2-875D-FAFCF946088F}"
EndProject
Project("{FAE04EC0-301F-11D3-BF4B-00C04F79EFBC}") = "ConsumerClient2", "ConsumerClient2\ConsumerClient2.csproj", "{2D327C78-2FF0-4E0B-BABF-9A0B8FA8B535}"
EndProject
Global
	GlobalSection(SolutionConfigurationPlatforms) = preSolution
		Debug|Any CPU = Debug|Any CPU
		Release|Any CPU = Release|Any CPU
	EndGlobalSection
	GlobalSection(ProjectConfigurationPlatforms) = postSolution
		{3AC3AD18-061A-4FEB-96F8-9A4B1E2DFA8F}.Debug|Any CPU.ActiveCfg = Debug|Any CPU
		{3AC3AD18-061A-4FEB-96F8-9A4B1E2DFA8F}.Debug|Any CPU.Build.0 = Debug|Any CPU
		{3AC3AD18-061A-4FEB-96F8-9A4B1E2DFA8F}.Release|Any CPU.ActiveCfg = Release|Any CPU
		{3AC3AD18-061A-4FEB-96F8-9A4B1E2DFA8F}.Release|Any CPU.Build.0 = Release|Any CPU
		{AB2FD095-A042-4DE2-875D-FAFCF946088F}.Debug|Any CPU.ActiveCfg = Debug|Any CPU
		{AB2FD095-A042-4DE2-875D-FAFCF946088F}.Debug|Any CPU.Build.0 = Debug|Any CPU
		{AB2FD095-A042-4DE2-875D-FAFCF946088F}.Release|Any CPU.ActiveCfg = Release|Any CPU
		{AB2FD095-A042-4DE2-875D-FAFCF946088F}.Release|Any CPU.Build.0 = Release|Any CPU
		{2D327C78-2FF0-4E0B-BABF-9A0B8FA8B535}.Debug|Any CPU.ActiveCfg = Debug|Any CPU
		{2D327C78-2FF0-4E0B-BABF-9A0B8FA8B535}.Debug|Any CPU.Build.0 = Debug|Any CPU
		{2D327C78-2FF0-4E0B-BABF-9A0B8FA8B535}.Release|Any CPU.ActiveCfg = Release|Any CPU
		{2D327C78-2FF0-4E0B-BABF-9A0B8FA8B535}.Release|Any CPU.Build.0 = Release|Any CPU
	EndGlobalSection
	GlobalSection(SolutionProperties) = preSolution
		HideSolutionNode = FALSE
	EndGlobalSection
	GlobalSection(ExtensibilityGlobals) = postSolution
		SolutionGuid = {3E010194-B3C6-4CE4-B83F-F08FFDAC5B79}
	EndGlobalSection
EndGlobal
