
Microsoft Visual Studio Solution File, Format Version 12.00
# Visual Studio Version 17
VisualStudioVersion = 17.0.32112.339
MinimumVisualStudioVersion = 10.0.40219.1
Project("{9A19103F-16F7-4668-BE54-9A1E7A4F7556}") = "ProducerApp", "ProducerApp\ProducerApp.csproj", "{3AC3AD18-061A-4FEB-96F8-9A4B1E2DFA8F}"
EndProject
Project("{9A19103F-16F7-4668-BE54-9A1E7A4F7556}") = "ConsumerClient1", "ConsumerClient1\ConsumerClient1.csproj", "{AB2FD095-A042-4DE2-875D-FAFCF946088F}"
EndProject
Project("{9A19103F-16F7-4668-BE54-9A1E7A4F7556}") = "ConsumerClient2", "ConsumerClient2\ConsumerClient2.csproj", "{2D327C78-2FF0-4E0B-BABF-9A0B8FA8B535}"
EndProject
Project("{9A19103F-16F7-4668-BE54-9A1E7A4F7556}") = "ConfluentKafkaDemo.Infrastructure", "ConfluentKafkaDemo.Infrastructure\ConfluentKafkaDemo.Infrastructure.csproj", "{EF392708-38CD-441C-A81A-2E3C621AD653}"
EndProject
Project("{9A19103F-16F7-4668-BE54-9A1E7A4F7556}") = "ConfluentKafkaDemo.Application", "ConfluentKafkaDemo.Core\ConfluentKafkaDemo.Application.csproj", "{995F2660-8439-404C-A64A-5D3789E698E3}"
EndProject
Project("{9A19103F-16F7-4668-BE54-9A1E7A4F7556}") = "ProducerApp.Clean", "ProducerApp.Clean\ProducerApp.Clean.csproj", "{F13B0FE3-FB5D-44A6-B46D-83FC1592FD97}"
EndProject
Project("{2150E333-8FDC-42A3-9474-1A3956D46DE8}") = "CleanArchitecture", "CleanArchitecture", "{E8B318AE-C216-4CCC-A4F8-F13B5A21805B}"
EndProject
Project("{9A19103F-16F7-4668-BE54-9A1E7A4F7556}") = "ConsumerClient1.Clean", "ConsumerClient1.Clean\ConsumerClient1.Clean.csproj", "{115CA313-5A32-4DB1-A2D8-830085816679}"
EndProject
Project("{9A19103F-16F7-4668-BE54-9A1E7A4F7556}") = "ConsumerClient2.Clean", "ConsumerClient2.Clean\ConsumerClient2.Clean.csproj", "{2EB7E8F4-26BE-4BA1-B88E-5F9CA4681BF6}"
EndProject
Project("{2150E333-8FDC-42A3-9474-1A3956D46DE8}") = "BadCode", "BadCode", "{3B088AB4-CBF6-41C0-981E-305404F05BFB}"
EndProject
Global
	GlobalSection(SolutionConfigurationPlatforms) = preSolution
		Debug|Any CPU = Debug|Any CPU
		Release|Any CPU = Release|Any CPU
	EndGlobalSection
	GlobalSection(ProjectConfigurationPlatforms) = postSolution
		{3AC3AD18-061A-4FEB-96F8-9A4B1E2DFA8F}.Debug|Any CPU.ActiveCfg = Debug|Any CPU
		{3AC3AD18-061A-4FEB-96F8-9A4B1E2DFA8F}.Debug|Any CPU.Build.0 = Debug|Any CPU
		{3AC3AD18-061A-4FEB-96F8-9A4B1E2DFA8F}.Release|Any CPU.ActiveCfg = Release|Any CPU
		{3AC3AD18-061A-4FEB-96F8-9A4B1E2DFA8F}.Release|Any CPU.Build.0 = Release|Any CPU
		{AB2FD095-A042-4DE2-875D-FAFCF946088F}.Debug|Any CPU.ActiveCfg = Debug|Any CPU
		{AB2FD095-A042-4DE2-875D-FAFCF946088F}.Debug|Any CPU.Build.0 = Debug|Any CPU
		{AB2FD095-A042-4DE2-875D-FAFCF946088F}.Release|Any CPU.ActiveCfg = Release|Any CPU
		{AB2FD095-A042-4DE2-875D-FAFCF946088F}.Release|Any CPU.Build.0 = Release|Any CPU
		{2D327C78-2FF0-4E0B-BABF-9A0B8FA8B535}.Debug|Any CPU.ActiveCfg = Debug|Any CPU
		{2D327C78-2FF0-4E0B-BABF-9A0B8FA8B535}.Debug|Any CPU.Build.0 = Debug|Any CPU
		{2D327C78-2FF0-4E0B-BABF-9A0B8FA8B535}.Release|Any CPU.ActiveCfg = Release|Any CPU
		{2D327C78-2FF0-4E0B-BABF-9A0B8FA8B535}.Release|Any CPU.Build.0 = Release|Any CPU
		{EF392708-38CD-441C-A81A-2E3C621AD653}.Debug|Any CPU.ActiveCfg = Debug|Any CPU
		{EF392708-38CD-441C-A81A-2E3C621AD653}.Debug|Any CPU.Build.0 = Debug|Any CPU
		{EF392708-38CD-441C-A81A-2E3C621AD653}.Release|Any CPU.ActiveCfg = Release|Any CPU
		{EF392708-38CD-441C-A81A-2E3C621AD653}.Release|Any CPU.Build.0 = Release|Any CPU
		{995F2660-8439-404C-A64A-5D3789E698E3}.Debug|Any CPU.ActiveCfg = Debug|Any CPU
		{995F2660-8439-404C-A64A-5D3789E698E3}.Debug|Any CPU.Build.0 = Debug|Any CPU
		{995F2660-8439-404C-A64A-5D3789E698E3}.Release|Any CPU.ActiveCfg = Release|Any CPU
		{995F2660-8439-404C-A64A-5D3789E698E3}.Release|Any CPU.Build.0 = Release|Any CPU
		{F13B0FE3-FB5D-44A6-B46D-83FC1592FD97}.Debug|Any CPU.ActiveCfg = Debug|Any CPU
		{F13B0FE3-FB5D-44A6-B46D-83FC1592FD97}.Debug|Any CPU.Build.0 = Debug|Any CPU
		{F13B0FE3-FB5D-44A6-B46D-83FC1592FD97}.Release|Any CPU.ActiveCfg = Release|Any CPU
		{F13B0FE3-FB5D-44A6-B46D-83FC1592FD97}.Release|Any CPU.Build.0 = Release|Any CPU
		{115CA313-5A32-4DB1-A2D8-830085816679}.Debug|Any CPU.ActiveCfg = Debug|Any CPU
		{115CA313-5A32-4DB1-A2D8-830085816679}.Debug|Any CPU.Build.0 = Debug|Any CPU
		{115CA313-5A32-4DB1-A2D8-830085816679}.Release|Any CPU.ActiveCfg = Release|Any CPU
		{115CA313-5A32-4DB1-A2D8-830085816679}.Release|Any CPU.Build.0 = Release|Any CPU
		{2EB7E8F4-26BE-4BA1-B88E-5F9CA4681BF6}.Debug|Any CPU.ActiveCfg = Debug|Any CPU
		{2EB7E8F4-26BE-4BA1-B88E-5F9CA4681BF6}.Debug|Any CPU.Build.0 = Debug|Any CPU
		{2EB7E8F4-26BE-4BA1-B88E-5F9CA4681BF6}.Release|Any CPU.ActiveCfg = Release|Any CPU
		{2EB7E8F4-26BE-4BA1-B88E-5F9CA4681BF6}.Release|Any CPU.Build.0 = Release|Any CPU
	EndGlobalSection
	GlobalSection(SolutionProperties) = preSolution
		HideSolutionNode = FALSE
	EndGlobalSection
	GlobalSection(NestedProjects) = preSolution
		{3AC3AD18-061A-4FEB-96F8-9A4B1E2DFA8F} = {3B088AB4-CBF6-41C0-981E-305404F05BFB}
		{AB2FD095-A042-4DE2-875D-FAFCF946088F} = {3B088AB4-CBF6-41C0-981E-305404F05BFB}
		{2D327C78-2FF0-4E0B-BABF-9A0B8FA8B535} = {3B088AB4-CBF6-41C0-981E-305404F05BFB}
		{EF392708-38CD-441C-A81A-2E3C621AD653} = {E8B318AE-C216-4CCC-A4F8-F13B5A21805B}
		{995F2660-8439-404C-A64A-5D3789E698E3} = {E8B318AE-C216-4CCC-A4F8-F13B5A21805B}
		{F13B0FE3-FB5D-44A6-B46D-83FC1592FD97} = {E8B318AE-C216-4CCC-A4F8-F13B5A21805B}
		{115CA313-5A32-4DB1-A2D8-830085816679} = {E8B318AE-C216-4CCC-A4F8-F13B5A21805B}
		{2EB7E8F4-26BE-4BA1-B88E-5F9CA4681BF6} = {E8B318AE-C216-4CCC-A4F8-F13B5A21805B}
	EndGlobalSection
	GlobalSection(ExtensibilityGlobals) = postSolution
		SolutionGuid = {3E010194-B3C6-4CE4-B83F-F08FFDAC5B79}
	EndGlobalSection
EndGlobal
